
Microsoft Visual Studio Solution File, Format Version 12.00
# Visual Studio Version 17
VisualStudioVersion = 17.3.32922.545
MinimumVisualStudioVersion = 10.0.40219.1
Project("{F184B08F-C81C-45F6-A57F-5ABD9991F28F}") = "Homework_1(V.B NET)", "Homework_1(V.B NET)\Homework_1(V.B NET).vbproj", "{492C5CB7-FD12-4C4F-A5BE-0EF1E8B5831D}"
EndProject
Global
	GlobalSection(SolutionConfigurationPlatforms) = preSolution
		Debug|Any CPU = Debug|Any CPU
		Release|Any CPU = Release|Any CPU
	EndGlobalSection
	GlobalSection(ProjectConfigurationPlatforms) = postSolution
		{492C5CB7-FD12-4C4F-A5BE-0EF1E8B5831D}.Debug|Any CPU.ActiveCfg = Debug|Any CPU
		{492C5CB7-FD12-4C4F-A5BE-0EF1E8B5831D}.Debug|Any CPU.Build.0 = Debug|Any CPU
		{492C5CB7-FD12-4C4F-A5BE-0EF1E8B5831D}.Release|Any CPU.ActiveCfg = Release|Any CPU
		{492C5CB7-FD12-4C4F-A5BE-0EF1E8B5831D}.Release|Any CPU.Build.0 = Release|Any CPU
	EndGlobalSection
	GlobalSection(SolutionProperties) = preSolution
		HideSolutionNode = FALSE
	EndGlobalSection
	GlobalSection(ExtensibilityGlobals) = postSolution
		SolutionGuid = {719C5E61-9400-4374-BD8A-5E04867924BB}
	EndGlobalSection
EndGlobal
